{
  "requires": true,
  "lockfileVersion": 1,
  "dependencies": {
    "react-intersection-observer": {
      "version": "8.32.1",
      "resolved": "https://registry.npmjs.org/react-intersection-observer/-/react-intersection-observer-8.32.1.tgz",
      "integrity": "sha512-FOmMkMw7MeJ8FkuADpU8TRcvGuTvPB+DRkaikS1QXcWArYLCWC3mjRorq2XeRGBuqmaueOBd27PUazTu9AgInw=="
    },
    "redux-devtools-extension": {
      "version": "2.13.9",
      "resolved": "https://registry.npmjs.org/redux-devtools-extension/-/redux-devtools-extension-2.13.9.tgz",
      "integrity": "sha512-cNJ8Q/EtjhQaZ71c8I9+BPySIBVEKssbPpskBfsXqb8HJ002A3KRVHfeRzwRo6mGPqsm7XuHTqNSNeS1Khig0A=="
    }
  }
}
